
Microsoft Visual Studio Solution File, Format Version 12.00
# Visual Studio 2013
VisualStudioVersion = 12.0.21005.1
MinimumVisualStudioVersion = 10.0.40219.1
Project("{9092AA53-FB77-4645-B42D-1CCCA6BD08BD}") = "TesteReplicacao", "TesteReplicacao\TesteReplicacao.njsproj", "{136B0F25-33BE-496B-A42C-E2408658258A}"
EndProject
Global
	GlobalSection(SolutionConfigurationPlatforms) = preSolution
		Debug|Any CPU = Debug|Any CPU
		Release|Any CPU = Release|Any CPU
	EndGlobalSection
	GlobalSection(ProjectConfigurationPlatforms) = postSolution
		{136B0F25-33BE-496B-A42C-E2408658258A}.Debug|Any CPU.ActiveCfg = Debug|Any CPU
		{136B0F25-33BE-496B-A42C-E2408658258A}.Debug|Any CPU.Build.0 = Debug|Any CPU
		{136B0F25-33BE-496B-A42C-E2408658258A}.Release|Any CPU.ActiveCfg = Release|Any CPU
		{136B0F25-33BE-496B-A42C-E2408658258A}.Release|Any CPU.Build.0 = Release|Any CPU
	EndGlobalSection
	GlobalSection(SolutionProperties) = preSolution
		HideSolutionNode = FALSE
	EndGlobalSection
EndGlobal
