
Microsoft Visual Studio Solution File, Format Version 12.00
# Visual Studio 2013
VisualStudioVersion = 12.0.30324.0
MinimumVisualStudioVersion = 10.0.40219.1
Project("{9092AA53-FB77-4645-B42D-1CCCA6BD08BD}") = "Famous", "Famous\Famous.njsproj", "{C41A405E-D865-4480-A78B-63BFBBECD258}"
EndProject
Project("{FAE04EC0-301F-11D3-BF4B-00C04F79EFBC}") = "Famous_teste", "TypeScriptHTMLApp1\Famous_teste.csproj", "{172E4F9D-A954-4C85-92D2-57706FB778F8}"
EndProject
Project("{FAE04EC0-301F-11D3-BF4B-00C04F79EFBC}") = "Polymer _XTag_Web_Components", "Polymer _XTag_Web_Components\Polymer _XTag_Web_Components.csproj", "{C21567A3-5B78-47FA-BD25-80F2FF0E83AA}"
EndProject
Project("{FAE04EC0-301F-11D3-BF4B-00C04F79EFBC}") = "Famous_pagina_Modularizacao", "Famous_pagina_Neto_Ramon\Famous_pagina_Modularizacao.csproj", "{2E2ECE11-F5AE-4863-987E-AFBB21446789}"
EndProject
Project("{FAE04EC0-301F-11D3-BF4B-00C04F79EFBC}") = "Famous_Neto_Ramon", "Famous_Neto_Ramon\Famous_Neto_Ramon.csproj", "{4C42DCBF-C268-4D99-9CB0-2037F3F76D29}"
EndProject
Project("{9092AA53-FB77-4645-B42D-1CCCA6BD08BD}") = "AppPolymer", "AppPolymer\AppPolymer.njsproj", "{F8C904ED-7B82-44C1-9A40-71E1B5B0964C}"
EndProject
Project("{FAE04EC0-301F-11D3-BF4B-00C04F79EFBC}") = "WebComponentsPolymer", "WebComponentsPolymer\WebComponentsPolymer.csproj", "{4594C849-CA18-4AD9-AF4A-0579A45D9690}"
EndProject
Global
	GlobalSection(SolutionConfigurationPlatforms) = preSolution
		Debug|Any CPU = Debug|Any CPU
		Release|Any CPU = Release|Any CPU
	EndGlobalSection
	GlobalSection(ProjectConfigurationPlatforms) = postSolution
		{C41A405E-D865-4480-A78B-63BFBBECD258}.Debug|Any CPU.ActiveCfg = Debug|Any CPU
		{C41A405E-D865-4480-A78B-63BFBBECD258}.Debug|Any CPU.Build.0 = Debug|Any CPU
		{C41A405E-D865-4480-A78B-63BFBBECD258}.Release|Any CPU.ActiveCfg = Release|Any CPU
		{C41A405E-D865-4480-A78B-63BFBBECD258}.Release|Any CPU.Build.0 = Release|Any CPU
		{172E4F9D-A954-4C85-92D2-57706FB778F8}.Debug|Any CPU.ActiveCfg = Debug|Any CPU
		{172E4F9D-A954-4C85-92D2-57706FB778F8}.Debug|Any CPU.Build.0 = Debug|Any CPU
		{172E4F9D-A954-4C85-92D2-57706FB778F8}.Release|Any CPU.ActiveCfg = Release|Any CPU
		{172E4F9D-A954-4C85-92D2-57706FB778F8}.Release|Any CPU.Build.0 = Release|Any CPU
		{C21567A3-5B78-47FA-BD25-80F2FF0E83AA}.Debug|Any CPU.ActiveCfg = Debug|Any CPU
		{C21567A3-5B78-47FA-BD25-80F2FF0E83AA}.Debug|Any CPU.Build.0 = Debug|Any CPU
		{C21567A3-5B78-47FA-BD25-80F2FF0E83AA}.Release|Any CPU.ActiveCfg = Release|Any CPU
		{C21567A3-5B78-47FA-BD25-80F2FF0E83AA}.Release|Any CPU.Build.0 = Release|Any CPU
		{2E2ECE11-F5AE-4863-987E-AFBB21446789}.Debug|Any CPU.ActiveCfg = Debug|Any CPU
		{2E2ECE11-F5AE-4863-987E-AFBB21446789}.Debug|Any CPU.Build.0 = Debug|Any CPU
		{2E2ECE11-F5AE-4863-987E-AFBB21446789}.Release|Any CPU.ActiveCfg = Release|Any CPU
		{2E2ECE11-F5AE-4863-987E-AFBB21446789}.Release|Any CPU.Build.0 = Release|Any CPU
		{4C42DCBF-C268-4D99-9CB0-2037F3F76D29}.Debug|Any CPU.ActiveCfg = Debug|Any CPU
		{4C42DCBF-C268-4D99-9CB0-2037F3F76D29}.Debug|Any CPU.Build.0 = Debug|Any CPU
		{4C42DCBF-C268-4D99-9CB0-2037F3F76D29}.Release|Any CPU.ActiveCfg = Release|Any CPU
		{4C42DCBF-C268-4D99-9CB0-2037F3F76D29}.Release|Any CPU.Build.0 = Release|Any CPU
		{F8C904ED-7B82-44C1-9A40-71E1B5B0964C}.Debug|Any CPU.ActiveCfg = Debug|Any CPU
		{F8C904ED-7B82-44C1-9A40-71E1B5B0964C}.Debug|Any CPU.Build.0 = Debug|Any CPU
		{F8C904ED-7B82-44C1-9A40-71E1B5B0964C}.Release|Any CPU.ActiveCfg = Release|Any CPU
		{F8C904ED-7B82-44C1-9A40-71E1B5B0964C}.Release|Any CPU.Build.0 = Release|Any CPU
		{4594C849-CA18-4AD9-AF4A-0579A45D9690}.Debug|Any CPU.ActiveCfg = Debug|Any CPU
		{4594C849-CA18-4AD9-AF4A-0579A45D9690}.Debug|Any CPU.Build.0 = Debug|Any CPU
		{4594C849-CA18-4AD9-AF4A-0579A45D9690}.Release|Any CPU.ActiveCfg = Release|Any CPU
		{4594C849-CA18-4AD9-AF4A-0579A45D9690}.Release|Any CPU.Build.0 = Release|Any CPU
	EndGlobalSection
	GlobalSection(SolutionProperties) = preSolution
		HideSolutionNode = FALSE
	EndGlobalSection
EndGlobal
