
Microsoft Visual Studio Solution File, Format Version 12.00
# Visual Studio 2013
VisualStudioVersion = 12.0.30324.0
MinimumVisualStudioVersion = 10.0.40219.1
Project("{9092AA53-FB77-4645-B42D-1CCCA6BD08BD}") = "AppNodejsConsole", "AppNodejsConsole\AppNodejsConsole.njsproj", "{6A337E8C-5F03-41B3-96B1-F8238164A198}"
EndProject
Global
	GlobalSection(SolutionConfigurationPlatforms) = preSolution
		Debug|Any CPU = Debug|Any CPU
		Release|Any CPU = Release|Any CPU
	EndGlobalSection
	GlobalSection(ProjectConfigurationPlatforms) = postSolution
		{6A337E8C-5F03-41B3-96B1-F8238164A198}.Debug|Any CPU.ActiveCfg = Debug|Any CPU
		{6A337E8C-5F03-41B3-96B1-F8238164A198}.Debug|Any CPU.Build.0 = Debug|Any CPU
		{6A337E8C-5F03-41B3-96B1-F8238164A198}.Release|Any CPU.ActiveCfg = Release|Any CPU
		{6A337E8C-5F03-41B3-96B1-F8238164A198}.Release|Any CPU.Build.0 = Release|Any CPU
	EndGlobalSection
	GlobalSection(SolutionProperties) = preSolution
		HideSolutionNode = FALSE
	EndGlobalSection
EndGlobal
