
Microsoft Visual Studio Solution File, Format Version 12.00
# Visual Studio 2013
VisualStudioVersion = 12.0.30324.0
MinimumVisualStudioVersion = 10.0.40219.1
Project("{9092AA53-FB77-4645-B42D-1CCCA6BD08BD}") = "Compilador", "Compilador\Compilador.njsproj", "{C8EA420F-BA7A-4E17-A522-6A7BC5562C65}"
EndProject
Project("{9092AA53-FB77-4645-B42D-1CCCA6BD08BD}") = "Neto_Charles", "Neto_Charles\Neto_Charles.njsproj", "{43CFFD8D-07E2-45CA-9E2B-2122AD6A8C3C}"
EndProject
Project("{9092AA53-FB77-4645-B42D-1CCCA6BD08BD}") = "Teste_BDD_Vows", "Teste_BDD_Vows\Teste_BDD_Vows.njsproj", "{19E0A1C9-E01B-45F8-98B7-3816CE0934FE}"
EndProject
Project("{9092AA53-FB77-4645-B42D-1CCCA6BD08BD}") = "Chutzpah", "Chutzpah\Chutzpah.njsproj", "{BC50F470-009D-45DF-860F-56A9B0F931A5}"
EndProject
Global
	GlobalSection(SolutionConfigurationPlatforms) = preSolution
		Debug|Any CPU = Debug|Any CPU
		Release|Any CPU = Release|Any CPU
	EndGlobalSection
	GlobalSection(ProjectConfigurationPlatforms) = postSolution
		{C8EA420F-BA7A-4E17-A522-6A7BC5562C65}.Debug|Any CPU.ActiveCfg = Debug|Any CPU
		{C8EA420F-BA7A-4E17-A522-6A7BC5562C65}.Debug|Any CPU.Build.0 = Debug|Any CPU
		{C8EA420F-BA7A-4E17-A522-6A7BC5562C65}.Release|Any CPU.ActiveCfg = Release|Any CPU
		{C8EA420F-BA7A-4E17-A522-6A7BC5562C65}.Release|Any CPU.Build.0 = Release|Any CPU
		{43CFFD8D-07E2-45CA-9E2B-2122AD6A8C3C}.Debug|Any CPU.ActiveCfg = Debug|Any CPU
		{43CFFD8D-07E2-45CA-9E2B-2122AD6A8C3C}.Debug|Any CPU.Build.0 = Debug|Any CPU
		{43CFFD8D-07E2-45CA-9E2B-2122AD6A8C3C}.Release|Any CPU.ActiveCfg = Release|Any CPU
		{43CFFD8D-07E2-45CA-9E2B-2122AD6A8C3C}.Release|Any CPU.Build.0 = Release|Any CPU
		{19E0A1C9-E01B-45F8-98B7-3816CE0934FE}.Debug|Any CPU.ActiveCfg = Debug|Any CPU
		{19E0A1C9-E01B-45F8-98B7-3816CE0934FE}.Debug|Any CPU.Build.0 = Debug|Any CPU
		{19E0A1C9-E01B-45F8-98B7-3816CE0934FE}.Release|Any CPU.ActiveCfg = Release|Any CPU
		{19E0A1C9-E01B-45F8-98B7-3816CE0934FE}.Release|Any CPU.Build.0 = Release|Any CPU
		{BC50F470-009D-45DF-860F-56A9B0F931A5}.Debug|Any CPU.ActiveCfg = Debug|Any CPU
		{BC50F470-009D-45DF-860F-56A9B0F931A5}.Debug|Any CPU.Build.0 = Debug|Any CPU
		{BC50F470-009D-45DF-860F-56A9B0F931A5}.Release|Any CPU.ActiveCfg = Release|Any CPU
		{BC50F470-009D-45DF-860F-56A9B0F931A5}.Release|Any CPU.Build.0 = Release|Any CPU
	EndGlobalSection
	GlobalSection(SolutionProperties) = preSolution
		HideSolutionNode = FALSE
	EndGlobalSection
EndGlobal
