
Microsoft Visual Studio Solution File, Format Version 12.00
# Visual Studio 2013
VisualStudioVersion = 12.0.30324.0
MinimumVisualStudioVersion = 10.0.40219.1
Project("{FAE04EC0-301F-11D3-BF4B-00C04F79EFBC}") = "ProjetoA", "ProjetoA\ProjetoA.csproj", "{ECDDEF42-4308-4CF5-AED8-ACE17364D426}"
EndProject
Project("{FAE04EC0-301F-11D3-BF4B-00C04F79EFBC}") = "ProjetoB", "ProjetoB\ProjetoB.csproj", "{8987A1A8-55F1-4BCD-A563-44F18EFA6F5A}"
EndProject
Project("{FAE04EC0-301F-11D3-BF4B-00C04F79EFBC}") = "ProjetoC", "ProjetoC\ProjetoC.csproj", "{55AF7BD1-BDB0-4437-BAD0-EB906D47213E}"
	ProjectSection(ProjectDependencies) = postProject
		{28744FA0-C303-4AE7-8695-E6765D117066} = {28744FA0-C303-4AE7-8695-E6765D117066}
	EndProjectSection
EndProject
Project("{FAE04EC0-301F-11D3-BF4B-00C04F79EFBC}") = "ProjetoD", "ProjetoD\ProjetoD.csproj", "{38CBE959-7B12-45B1-9E85-6119C8320C08}"
EndProject
Project("{FAE04EC0-301F-11D3-BF4B-00C04F79EFBC}") = "ProjetoE", "ProjetoE\ProjetoE.csproj", "{28744FA0-C303-4AE7-8695-E6765D117066}"
EndProject
Project("{9092AA53-FB77-4645-B42D-1CCCA6BD08BD}") = "App_Express", "App_Express\App_Express.njsproj", "{83AAC9F6-1094-40FC-8CE9-2CA0FE8CCBAC}"
EndProject
Project("{9092AA53-FB77-4645-B42D-1CCCA6BD08BD}") = "App_Test", "App_Test\App_Test.njsproj", "{38B04ADE-63F7-461B-9467-31E84F9137CA}"
EndProject
Project("{9092AA53-FB77-4645-B42D-1CCCA6BD08BD}") = "qlib", "qlib\qlib.njsproj", "{C8B6B998-44DC-411C-8094-919A7A8F241C}"
EndProject
Project("{FAE04EC0-301F-11D3-BF4B-00C04F79EFBC}") = "Teste_AMD_Browser_TS", "Teste_AMD_Browser_TS\Teste_AMD_Browser_TS.csproj", "{69B0BBC8-819E-4D3E-820E-2277C488CA53}"
EndProject
Project("{FAE04EC0-301F-11D3-BF4B-00C04F79EFBC}") = "Teste_AMD_Browser_JS", "Teste_AMD_Browser_JS\Teste_AMD_Browser_JS.csproj", "{889DBDE5-8646-49A4-8261-A71195F935FE}"
EndProject
Project("{FAE04EC0-301F-11D3-BF4B-00C04F79EFBC}") = "App_IIS", "App_IIS\App_IIS.csproj", "{DB33F551-4BAB-4DFB-8872-EC629D33265D}"
EndProject
Project("{9092AA53-FB77-4645-B42D-1CCCA6BD08BD}") = "Compilador", "Compilador\Compilador.njsproj", "{C8EA420F-BA7A-4E17-A522-6A7BC5562C65}"
EndProject
Project("{9092AA53-FB77-4645-B42D-1CCCA6BD08BD}") = "Chutzpah_AMD", "Chutzpah_AMD\Chutzpah_AMD.njsproj", "{CF442018-21FE-41BE-A808-58173DFC6C54}"
EndProject
Project("{9092AA53-FB77-4645-B42D-1CCCA6BD08BD}") = "KarmaProject", "..\..\Projetos_CompiladorBDD_Cumcumber_TesteBDD\KarmaProject\KarmaProject.njsproj", "{525B4743-2FFD-4A7B-B200-22F6FEAE0676}"
EndProject
Global
	GlobalSection(SolutionConfigurationPlatforms) = preSolution
		Debug|Any CPU = Debug|Any CPU
		Release|Any CPU = Release|Any CPU
	EndGlobalSection
	GlobalSection(ProjectConfigurationPlatforms) = postSolution
		{ECDDEF42-4308-4CF5-AED8-ACE17364D426}.Debug|Any CPU.ActiveCfg = Debug|Any CPU
		{ECDDEF42-4308-4CF5-AED8-ACE17364D426}.Debug|Any CPU.Build.0 = Debug|Any CPU
		{ECDDEF42-4308-4CF5-AED8-ACE17364D426}.Release|Any CPU.ActiveCfg = Release|Any CPU
		{ECDDEF42-4308-4CF5-AED8-ACE17364D426}.Release|Any CPU.Build.0 = Release|Any CPU
		{8987A1A8-55F1-4BCD-A563-44F18EFA6F5A}.Debug|Any CPU.ActiveCfg = Debug|Any CPU
		{8987A1A8-55F1-4BCD-A563-44F18EFA6F5A}.Debug|Any CPU.Build.0 = Debug|Any CPU
		{8987A1A8-55F1-4BCD-A563-44F18EFA6F5A}.Release|Any CPU.ActiveCfg = Release|Any CPU
		{8987A1A8-55F1-4BCD-A563-44F18EFA6F5A}.Release|Any CPU.Build.0 = Release|Any CPU
		{55AF7BD1-BDB0-4437-BAD0-EB906D47213E}.Debug|Any CPU.ActiveCfg = Debug|Any CPU
		{55AF7BD1-BDB0-4437-BAD0-EB906D47213E}.Debug|Any CPU.Build.0 = Debug|Any CPU
		{55AF7BD1-BDB0-4437-BAD0-EB906D47213E}.Release|Any CPU.ActiveCfg = Release|Any CPU
		{55AF7BD1-BDB0-4437-BAD0-EB906D47213E}.Release|Any CPU.Build.0 = Release|Any CPU
		{38CBE959-7B12-45B1-9E85-6119C8320C08}.Debug|Any CPU.ActiveCfg = Debug|Any CPU
		{38CBE959-7B12-45B1-9E85-6119C8320C08}.Debug|Any CPU.Build.0 = Debug|Any CPU
		{38CBE959-7B12-45B1-9E85-6119C8320C08}.Release|Any CPU.ActiveCfg = Release|Any CPU
		{38CBE959-7B12-45B1-9E85-6119C8320C08}.Release|Any CPU.Build.0 = Release|Any CPU
		{28744FA0-C303-4AE7-8695-E6765D117066}.Debug|Any CPU.ActiveCfg = Debug|Any CPU
		{28744FA0-C303-4AE7-8695-E6765D117066}.Debug|Any CPU.Build.0 = Debug|Any CPU
		{28744FA0-C303-4AE7-8695-E6765D117066}.Release|Any CPU.ActiveCfg = Release|Any CPU
		{28744FA0-C303-4AE7-8695-E6765D117066}.Release|Any CPU.Build.0 = Release|Any CPU
		{83AAC9F6-1094-40FC-8CE9-2CA0FE8CCBAC}.Debug|Any CPU.ActiveCfg = Debug|Any CPU
		{83AAC9F6-1094-40FC-8CE9-2CA0FE8CCBAC}.Debug|Any CPU.Build.0 = Debug|Any CPU
		{83AAC9F6-1094-40FC-8CE9-2CA0FE8CCBAC}.Release|Any CPU.ActiveCfg = Release|Any CPU
		{83AAC9F6-1094-40FC-8CE9-2CA0FE8CCBAC}.Release|Any CPU.Build.0 = Release|Any CPU
		{38B04ADE-63F7-461B-9467-31E84F9137CA}.Debug|Any CPU.ActiveCfg = Debug|Any CPU
		{38B04ADE-63F7-461B-9467-31E84F9137CA}.Debug|Any CPU.Build.0 = Debug|Any CPU
		{38B04ADE-63F7-461B-9467-31E84F9137CA}.Release|Any CPU.ActiveCfg = Release|Any CPU
		{38B04ADE-63F7-461B-9467-31E84F9137CA}.Release|Any CPU.Build.0 = Release|Any CPU
		{C8B6B998-44DC-411C-8094-919A7A8F241C}.Debug|Any CPU.ActiveCfg = Debug|Any CPU
		{C8B6B998-44DC-411C-8094-919A7A8F241C}.Debug|Any CPU.Build.0 = Debug|Any CPU
		{C8B6B998-44DC-411C-8094-919A7A8F241C}.Release|Any CPU.ActiveCfg = Release|Any CPU
		{C8B6B998-44DC-411C-8094-919A7A8F241C}.Release|Any CPU.Build.0 = Release|Any CPU
		{69B0BBC8-819E-4D3E-820E-2277C488CA53}.Debug|Any CPU.ActiveCfg = Debug|Any CPU
		{69B0BBC8-819E-4D3E-820E-2277C488CA53}.Debug|Any CPU.Build.0 = Debug|Any CPU
		{69B0BBC8-819E-4D3E-820E-2277C488CA53}.Release|Any CPU.ActiveCfg = Release|Any CPU
		{69B0BBC8-819E-4D3E-820E-2277C488CA53}.Release|Any CPU.Build.0 = Release|Any CPU
		{889DBDE5-8646-49A4-8261-A71195F935FE}.Debug|Any CPU.ActiveCfg = Debug|Any CPU
		{889DBDE5-8646-49A4-8261-A71195F935FE}.Debug|Any CPU.Build.0 = Debug|Any CPU
		{889DBDE5-8646-49A4-8261-A71195F935FE}.Release|Any CPU.ActiveCfg = Release|Any CPU
		{889DBDE5-8646-49A4-8261-A71195F935FE}.Release|Any CPU.Build.0 = Release|Any CPU
		{DB33F551-4BAB-4DFB-8872-EC629D33265D}.Debug|Any CPU.ActiveCfg = Debug|Any CPU
		{DB33F551-4BAB-4DFB-8872-EC629D33265D}.Debug|Any CPU.Build.0 = Debug|Any CPU
		{DB33F551-4BAB-4DFB-8872-EC629D33265D}.Release|Any CPU.ActiveCfg = Release|Any CPU
		{DB33F551-4BAB-4DFB-8872-EC629D33265D}.Release|Any CPU.Build.0 = Release|Any CPU
		{C8EA420F-BA7A-4E17-A522-6A7BC5562C65}.Debug|Any CPU.ActiveCfg = Debug|Any CPU
		{C8EA420F-BA7A-4E17-A522-6A7BC5562C65}.Debug|Any CPU.Build.0 = Debug|Any CPU
		{C8EA420F-BA7A-4E17-A522-6A7BC5562C65}.Release|Any CPU.ActiveCfg = Release|Any CPU
		{C8EA420F-BA7A-4E17-A522-6A7BC5562C65}.Release|Any CPU.Build.0 = Release|Any CPU
		{CF442018-21FE-41BE-A808-58173DFC6C54}.Debug|Any CPU.ActiveCfg = Debug|Any CPU
		{CF442018-21FE-41BE-A808-58173DFC6C54}.Debug|Any CPU.Build.0 = Debug|Any CPU
		{CF442018-21FE-41BE-A808-58173DFC6C54}.Release|Any CPU.ActiveCfg = Release|Any CPU
		{CF442018-21FE-41BE-A808-58173DFC6C54}.Release|Any CPU.Build.0 = Release|Any CPU
		{525B4743-2FFD-4A7B-B200-22F6FEAE0676}.Debug|Any CPU.ActiveCfg = Debug|Any CPU
		{525B4743-2FFD-4A7B-B200-22F6FEAE0676}.Debug|Any CPU.Build.0 = Debug|Any CPU
		{525B4743-2FFD-4A7B-B200-22F6FEAE0676}.Release|Any CPU.ActiveCfg = Release|Any CPU
		{525B4743-2FFD-4A7B-B200-22F6FEAE0676}.Release|Any CPU.Build.0 = Release|Any CPU
	EndGlobalSection
	GlobalSection(SolutionProperties) = preSolution
		HideSolutionNode = FALSE
	EndGlobalSection
EndGlobal
